
Microsoft Visual Studio Solution File, Format Version 12.00
# Visual Studio Version 16
VisualStudioVersion = 16.0.29009.5
MinimumVisualStudioVersion = 10.0.40219.1
Project("{FAE04EC0-301F-11D3-BF4B-00C04F79EFBC}") = "BinaryRdWr", "BinaryRdWr\BinaryRdWr.csproj", "{F93043B5-EED6-4ACD-AC3D-00C00997E350}"
EndProject
Global
	GlobalSection(SolutionConfigurationPlatforms) = preSolution
		Debug|Any CPU = Debug|Any CPU
		Release|Any CPU = Release|Any CPU
	EndGlobalSection
	GlobalSection(ProjectConfigurationPlatforms) = postSolution
		{F93043B5-EED6-4ACD-AC3D-00C00997E350}.Debug|Any CPU.ActiveCfg = Debug|Any CPU
		{F93043B5-EED6-4ACD-AC3D-00C00997E350}.Debug|Any CPU.Build.0 = Debug|Any CPU
		{F93043B5-EED6-4ACD-AC3D-00C00997E350}.Release|Any CPU.ActiveCfg = Release|Any CPU
		{F93043B5-EED6-4ACD-AC3D-00C00997E350}.Release|Any CPU.Build.0 = Release|Any CPU
	EndGlobalSection
	GlobalSection(SolutionProperties) = preSolution
		HideSolutionNode = FALSE
	EndGlobalSection
	GlobalSection(ExtensibilityGlobals) = postSolution
		SolutionGuid = {B87010BD-87FD-4103-BB5C-929D37807C41}
	EndGlobalSection
EndGlobal
